<?xml version="1.0" encoding="utf-8"?>
<Project ToolsVersion="4.0" xmlns="http://schemas.microsoft.com/developer/msbuild/2003">
  <ItemGroup>
    <Filter Include="Optimus">
      <UniqueIdentifier>{D6B0A8D2-4290-276E-4BA8-B244B7068ECF}</UniqueIdentifier>
    </Filter>
    <Filter Include="Optimus\Events">
      <UniqueIdentifier>{FA4F80D2-E61D-74D8-CFB1-E4FEBB1E503D}</UniqueIdentifier>
    </Filter>
  </ItemGroup>
  <ItemGroup>
    <ClInclude Include="src\Optimus.h" />
    <ClInclude Include="src\Optimus\Application.h">
      <Filter>Optimus</Filter>
    </ClInclude>
    <ClInclude Include="src\Optimus\Core.h">
      <Filter>Optimus</Filter>
    </ClInclude>
    <ClInclude Include="src\Optimus\EntryPoint.h">
      <Filter>Optimus</Filter>
    </ClInclude>
    <ClInclude Include="src\Optimus\Events\Event.h">
      <Filter>Optimus\Events</Filter>
    </ClInclude>
    <ClInclude Include="src\Optimus\Events\KeyboardEvents.h">
      <Filter>Optimus\Events</Filter>
    </ClInclude>
    <ClInclude Include="src\Optimus\Log.h">
      <Filter>Optimus</Filter>
    </ClInclude>
    <ClInclude Include="src\Optimus\Window.h">
      <Filter>Optimus</Filter>
    </ClInclude>
    <ClInclude Include="src\pch.h" />
  </ItemGroup>
  <ItemGroup>
    <ClCompile Include="src\Optimus\Application.cpp">
      <Filter>Optimus</Filter>
    </ClCompile>
    <ClCompile Include="src\Optimus\Log.cpp">
      <Filter>Optimus</Filter>
    </ClCompile>
    <ClCompile Include="src\Optimus\Window.cpp">
      <Filter>Optimus</Filter>
    </ClCompile>
    <ClCompile Include="src\pch.cpp" />
  </ItemGroup>
</Project>