<?xml version="1.0" encoding="utf-8"?>
<Project ToolsVersion="4.0" xmlns="http://schemas.microsoft.com/developer/msbuild/2003">
  <ItemGroup>
    <Filter Include="Optimus">
      <UniqueIdentifier>{D6B0A8D2-4290-276E-4BA8-B244B7068ECF}</UniqueIdentifier>
    </Filter>
    <Filter Include="Optimus\Events">
      <UniqueIdentifier>{FA4F80D2-E61D-74D8-CFB1-E4FEBB1E503D}</UniqueIdentifier>
    </Filter>
    <Filter Include="Optimus\Graphics">
      <UniqueIdentifier>{D6C9370F-C2C2-5661-EBF4-3BE6D74C366D}</UniqueIdentifier>
    </Filter>
    <Filter Include="Optimus\Graphics\Buffers">
      <UniqueIdentifier>{52FFEBBB-3E24-3B3C-676F-20CC53F3395A}</UniqueIdentifier>
    </Filter>
    <Filter Include="Optimus\Graphics\Commands">
      <UniqueIdentifier>{D7D5A068-4398-D4F2-8C48-637FF849ADD0}</UniqueIdentifier>
    </Filter>
    <Filter Include="Optimus\Graphics\Descriptor">
      <UniqueIdentifier>{244C743A-9059-A220-1940-9E0B854C6ED7}</UniqueIdentifier>
    </Filter>
    <Filter Include="Optimus\Graphics\Devices">
      <UniqueIdentifier>{C811B131-B436-00B2-DD81-E541C905FFCF}</UniqueIdentifier>
    </Filter>
    <Filter Include="Optimus\Graphics\Models">
      <UniqueIdentifier>{C92E23F8-3566-6B8F-3E70-CFB2AA269288}</UniqueIdentifier>
    </Filter>
    <Filter Include="Optimus\Graphics\Pipelines">
      <UniqueIdentifier>{8E3A8CB2-7A4A-3883-E303-9DA1CF32271C}</UniqueIdentifier>
    </Filter>
    <Filter Include="Optimus\Graphics\RenderPass">
      <UniqueIdentifier>{3C40F704-A84D-25EB-3134-21D69D40F1A1}</UniqueIdentifier>
    </Filter>
    <Filter Include="Optimus\Imgui">
      <UniqueIdentifier>{A076A406-0C37-203D-D571-69BA41F16419}</UniqueIdentifier>
    </Filter>
    <Filter Include="Optimus\Input">
      <UniqueIdentifier>{5529A506-C1E9-203D-8A24-6ABAF6A36519}</UniqueIdentifier>
    </Filter>
    <Filter Include="Optimus\Utilities">
      <UniqueIdentifier>{C158188C-2D6F-1622-76E6-A143E23BE7A9}</UniqueIdentifier>
    </Filter>
    <Filter Include="Platforms">
      <UniqueIdentifier>{DDACA145-4917-56BC-9255-0762FEFE3311}</UniqueIdentifier>
    </Filter>
  </ItemGroup>
  <ItemGroup>
    <ClInclude Include="src\Optimus.h" />
    <ClInclude Include="src\Optimus\Application.h">
      <Filter>Optimus</Filter>
    </ClInclude>
    <ClInclude Include="src\Optimus\Core.h">
      <Filter>Optimus</Filter>
    </ClInclude>
    <ClInclude Include="src\Optimus\EntryPoint.h">
      <Filter>Optimus</Filter>
    </ClInclude>
    <ClInclude Include="src\Optimus\Events\ApplicationEvents.h">
      <Filter>Optimus\Events</Filter>
    </ClInclude>
    <ClInclude Include="src\Optimus\Events\Event.h">
      <Filter>Optimus\Events</Filter>
    </ClInclude>
    <ClInclude Include="src\Optimus\Events\KeyboardEvents.h">
      <Filter>Optimus\Events</Filter>
    </ClInclude>
    <ClInclude Include="src\Optimus\Events\MouseEvents.h">
      <Filter>Optimus\Events</Filter>
    </ClInclude>
    <ClInclude Include="src\Optimus\Graphics\Buffers\Buffer.h">
      <Filter>Optimus\Graphics\Buffers</Filter>
    </ClInclude>
    <ClInclude Include="src\Optimus\Graphics\Commands\CommandBuffer.h">
      <Filter>Optimus\Graphics\Commands</Filter>
    </ClInclude>
    <ClInclude Include="src\Optimus\Graphics\Commands\CommandPool.h">
      <Filter>Optimus\Graphics\Commands</Filter>
    </ClInclude>
    <ClInclude Include="src\Optimus\Graphics\Devices\DebugCallbacks.h">
      <Filter>Optimus\Graphics\Devices</Filter>
    </ClInclude>
    <ClInclude Include="src\Optimus\Graphics\Devices\Instance.h">
      <Filter>Optimus\Graphics\Devices</Filter>
    </ClInclude>
    <ClInclude Include="src\Optimus\Graphics\Devices\LogicalDevice.h">
      <Filter>Optimus\Graphics\Devices</Filter>
    </ClInclude>
    <ClInclude Include="src\Optimus\Graphics\Devices\PhysicalDevice.h">
      <Filter>Optimus\Graphics\Devices</Filter>
    </ClInclude>
    <ClInclude Include="src\Optimus\Graphics\Devices\Surface.h">
      <Filter>Optimus\Graphics\Devices</Filter>
    </ClInclude>
    <ClInclude Include="src\Optimus\Graphics\Graphics.h">
      <Filter>Optimus\Graphics</Filter>
    </ClInclude>
    <ClInclude Include="src\Optimus\Graphics\Models\QuadModel.h">
      <Filter>Optimus\Graphics\Models</Filter>
    </ClInclude>
    <ClInclude Include="src\Optimus\Graphics\Models\Vertex2d.h">
      <Filter>Optimus\Graphics\Models</Filter>
    </ClInclude>
    <ClInclude Include="src\Optimus\Graphics\Pipelines\GraphicsPipeline.h">
      <Filter>Optimus\Graphics\Pipelines</Filter>
    </ClInclude>
    <ClInclude Include="src\Optimus\Graphics\Pipelines\Pipeline.h">
      <Filter>Optimus\Graphics\Pipelines</Filter>
    </ClInclude>
    <ClInclude Include="src\Optimus\Graphics\Pipelines\Shader.h">
      <Filter>Optimus\Graphics\Pipelines</Filter>
    </ClInclude>
    <ClInclude Include="src\Optimus\Graphics\RenderPass\Framebuffers.h">
      <Filter>Optimus\Graphics\RenderPass</Filter>
    </ClInclude>
    <ClInclude Include="src\Optimus\Graphics\RenderPass\RenderPass.h">
      <Filter>Optimus\Graphics\RenderPass</Filter>
    </ClInclude>
    <ClInclude Include="src\Optimus\Graphics\RenderPass\SwapChain.h">
      <Filter>Optimus\Graphics\RenderPass</Filter>
    </ClInclude>
    <ClInclude Include="src\Optimus\Graphics\RenderStage.h">
      <Filter>Optimus\Graphics</Filter>
    </ClInclude>
    <ClInclude Include="src\Optimus\Graphics\Renderer.h">
      <Filter>Optimus\Graphics</Filter>
    </ClInclude>
    <ClInclude Include="src\Optimus\ISystem.h">
      <Filter>Optimus</Filter>
    </ClInclude>
    <ClInclude Include="src\Optimus\Imgui\ImguiLayer.h">
      <Filter>Optimus\Imgui</Filter>
    </ClInclude>
    <ClInclude Include="src\Optimus\Input\Input.h">
      <Filter>Optimus\Input</Filter>
    </ClInclude>
    <ClInclude Include="src\Optimus\KeyCodes.h">
      <Filter>Optimus</Filter>
    </ClInclude>
    <ClInclude Include="src\Optimus\Layer.h">
      <Filter>Optimus</Filter>
    </ClInclude>
    <ClInclude Include="src\Optimus\LayerStack.h">
      <Filter>Optimus</Filter>
    </ClInclude>
    <ClInclude Include="src\Optimus\Log.h">
      <Filter>Optimus</Filter>
    </ClInclude>
    <ClInclude Include="src\Optimus\Utilities\Macros.h">
      <Filter>Optimus\Utilities</Filter>
    </ClInclude>
    <ClInclude Include="src\Optimus\Window.h">
      <Filter>Optimus</Filter>
    </ClInclude>
    <ClInclude Include="src\Platforms\ImguiGLFW.h">
      <Filter>Platforms</Filter>
    </ClInclude>
    <ClInclude Include="src\Platforms\ImguiOpenGLRenderer.h">
      <Filter>Platforms</Filter>
    </ClInclude>
    <ClInclude Include="src\Platforms\ImguiVulkanRenderer.h">
      <Filter>Platforms</Filter>
    </ClInclude>
    <ClInclude Include="src\pch.h" />
  </ItemGroup>
  <ItemGroup>
    <ClCompile Include="src\Optimus\Application.cpp">
      <Filter>Optimus</Filter>
    </ClCompile>
    <ClCompile Include="src\Optimus\Graphics\Buffers\Buffer.cpp">
      <Filter>Optimus\Graphics\Buffers</Filter>
    </ClCompile>
    <ClCompile Include="src\Optimus\Graphics\Commands\CommandBuffer.cpp">
      <Filter>Optimus\Graphics\Commands</Filter>
    </ClCompile>
    <ClCompile Include="src\Optimus\Graphics\Commands\CommandPool.cpp">
      <Filter>Optimus\Graphics\Commands</Filter>
    </ClCompile>
    <ClCompile Include="src\Optimus\Graphics\Descriptor\DescriptorPool.cpp">
      <Filter>Optimus\Graphics\Descriptor</Filter>
    </ClCompile>
    <ClCompile Include="src\Optimus\Graphics\Devices\Instance.cpp">
      <Filter>Optimus\Graphics\Devices</Filter>
    </ClCompile>
    <ClCompile Include="src\Optimus\Graphics\Devices\LogicalDevice.cpp">
      <Filter>Optimus\Graphics\Devices</Filter>
    </ClCompile>
    <ClCompile Include="src\Optimus\Graphics\Devices\PhysicalDevice.cpp">
      <Filter>Optimus\Graphics\Devices</Filter>
    </ClCompile>
    <ClCompile Include="src\Optimus\Graphics\Devices\Surface.cpp">
      <Filter>Optimus\Graphics\Devices</Filter>
    </ClCompile>
    <ClCompile Include="src\Optimus\Graphics\Graphics.cpp">
      <Filter>Optimus\Graphics</Filter>
    </ClCompile>
    <ClCompile Include="src\Optimus\Graphics\Models\QuadModel.cpp">
      <Filter>Optimus\Graphics\Models</Filter>
    </ClCompile>
    <ClCompile Include="src\Optimus\Graphics\Pipelines\GraphicsPipeline.cpp">
      <Filter>Optimus\Graphics\Pipelines</Filter>
    </ClCompile>
    <ClCompile Include="src\Optimus\Graphics\Pipelines\Shader.cpp">
      <Filter>Optimus\Graphics\Pipelines</Filter>
    </ClCompile>
    <ClCompile Include="src\Optimus\Graphics\RenderPass\Framebuffers.cpp">
      <Filter>Optimus\Graphics\RenderPass</Filter>
    </ClCompile>
    <ClCompile Include="src\Optimus\Graphics\RenderPass\RenderPass.cpp">
      <Filter>Optimus\Graphics\RenderPass</Filter>
    </ClCompile>
    <ClCompile Include="src\Optimus\Graphics\RenderPass\SwapChain.cpp">
      <Filter>Optimus\Graphics\RenderPass</Filter>
    </ClCompile>
    <ClCompile Include="src\Optimus\Graphics\RenderStage.cpp">
      <Filter>Optimus\Graphics</Filter>
    </ClCompile>
    <ClCompile Include="src\Optimus\Imgui\ImguiLayer.cpp">
      <Filter>Optimus\Imgui</Filter>
    </ClCompile>
    <ClCompile Include="src\Optimus\Input\Input.cpp">
      <Filter>Optimus\Input</Filter>
    </ClCompile>
    <ClCompile Include="src\Optimus\LayerStack.cpp">
      <Filter>Optimus</Filter>
    </ClCompile>
    <ClCompile Include="src\Optimus\Log.cpp">
      <Filter>Optimus</Filter>
    </ClCompile>
    <ClCompile Include="src\Optimus\Window.cpp">
      <Filter>Optimus</Filter>
    </ClCompile>
    <ClCompile Include="src\Platforms\ImguiGLFW.cpp">
      <Filter>Platforms</Filter>
    </ClCompile>
    <ClCompile Include="src\Platforms\ImguiOpenGLRenderer.cpp">
      <Filter>Platforms</Filter>
    </ClCompile>
    <ClCompile Include="src\Platforms\ImguiVulkanRenderer.cpp">
      <Filter>Platforms</Filter>
    </ClCompile>
    <ClCompile Include="src\pch.cpp" />
  </ItemGroup>
</Project>